
Microsoft Visual Studio Solution File, Format Version 12.00
# Visual Studio Version 17
VisualStudioVersion = 17.3.32929.385
MinimumVisualStudioVersion = 10.0.40219.1
Project("{9A19103F-16F7-4668-BE54-9A1E7A4F7556}") = "Loterie", "Loterie\Loterie.csproj", "{BCE85EBA-8240-4D32-9BD3-39127C7EA62A}"
EndProject
Project("{FAE04EC0-301F-11D3-BF4B-00C04F79EFBC}") = "DataLayer", "DataLayer\DataLayer.csproj", "{94DECAF3-F552-4ECC-BBC4-0A6AB9AFFF78}"
EndProject
Global
	GlobalSection(SolutionConfigurationPlatforms) = preSolution
		Debug|Any CPU = Debug|Any CPU
		Release|Any CPU = Release|Any CPU
	EndGlobalSection
	GlobalSection(ProjectConfigurationPlatforms) = postSolution
		{BCE85EBA-8240-4D32-9BD3-39127C7EA62A}.Debug|Any CPU.ActiveCfg = Debug|Any CPU
		{BCE85EBA-8240-4D32-9BD3-39127C7EA62A}.Debug|Any CPU.Build.0 = Debug|Any CPU
		{BCE85EBA-8240-4D32-9BD3-39127C7EA62A}.Release|Any CPU.ActiveCfg = Release|Any CPU
		{BCE85EBA-8240-4D32-9BD3-39127C7EA62A}.Release|Any CPU.Build.0 = Release|Any CPU
		{94DECAF3-F552-4ECC-BBC4-0A6AB9AFFF78}.Debug|Any CPU.ActiveCfg = Debug|Any CPU
		{94DECAF3-F552-4ECC-BBC4-0A6AB9AFFF78}.Debug|Any CPU.Build.0 = Debug|Any CPU
		{94DECAF3-F552-4ECC-BBC4-0A6AB9AFFF78}.Release|Any CPU.ActiveCfg = Release|Any CPU
		{94DECAF3-F552-4ECC-BBC4-0A6AB9AFFF78}.Release|Any CPU.Build.0 = Release|Any CPU
	EndGlobalSection
	GlobalSection(SolutionProperties) = preSolution
		HideSolutionNode = FALSE
	EndGlobalSection
	GlobalSection(ExtensibilityGlobals) = postSolution
		SolutionGuid = {DC389D60-EA61-4444-94DD-C8FD5DBFF95F}
	EndGlobalSection
EndGlobal
